
Microsoft Visual Studio Solution File, Format Version 12.00
# Visual Studio Version 16
VisualStudioVersion = 16.0.30621.155
MinimumVisualStudioVersion = 15.0.26124.0
Project("{9A19103F-16F7-4668-BE54-9A1E7A4F7556}") = "Api", "Api\Api.csproj", "{B555DFBC-6E0F-4C6E-B8C3-F14B2ACE7CE8}"
EndProject
Project("{2150E333-8FDC-42A3-9474-1A3956D46DE8}") = "Contexts", "Contexts", "{E9576677-1387-4CD8-8DFA-F186A54B4C5C}"
EndProject
Project("{2150E333-8FDC-42A3-9474-1A3956D46DE8}") = "JogoContext", "JogoContext", "{58E51C3E-CA56-4803-B2A8-84F6708A7792}"
EndProject
Project("{9A19103F-16F7-4668-BE54-9A1E7A4F7556}") = "MeusJogos.Contexts.JogoContext.Domain", "Contexts\JogoContext\MeusJogos.Contexts.JogoContext.Domain\MeusJogos.Contexts.JogoContext.Domain.csproj", "{4D021305-CEBA-4E44-BB2F-AAD7061B67BC}"
EndProject
Project("{9A19103F-16F7-4668-BE54-9A1E7A4F7556}") = "MeusJogos.Contexts.JogoContext.Tests", "Contexts\JogoContext\MeusJogos.Contexts.JogoContext.Tests\MeusJogos.Contexts.JogoContext.Tests.csproj", "{83EDB04D-2F8C-46A7-A295-C208A0A6C046}"
EndProject
Project("{9A19103F-16F7-4668-BE54-9A1E7A4F7556}") = "MeusJogos.Contexts.JogoContext.Application", "Contexts\JogoContext\MeusJogos.Contexts.JogoContext.Application\MeusJogos.Contexts.JogoContext.Application.csproj", "{420C8DF6-D86E-48A9-BB9A-C5FAA066507E}"
EndProject
Project("{2150E333-8FDC-42A3-9474-1A3956D46DE8}") = "SharedKernel", "SharedKernel", "{E4B0A48B-5515-4621-97C6-832FA465BC63}"
EndProject
Project("{9A19103F-16F7-4668-BE54-9A1E7A4F7556}") = "MeusJogos.SharedKernel.Domain", "SharedKernel\MeusJogos.SharedKernel.Domain\MeusJogos.SharedKernel.Domain.csproj", "{9CA54A97-AD45-4F48-97A9-CC2F0497E4D2}"
EndProject
Project("{2150E333-8FDC-42A3-9474-1A3956D46DE8}") = "Infra", "Infra", "{74A79FE6-159D-43DC-9079-2EB2A8E75BA9}"
EndProject
Project("{2150E333-8FDC-42A3-9474-1A3956D46DE8}") = "Data", "Data", "{45421B5C-722E-4833-AD1D-AB0FA6652621}"
EndProject
Project("{FAE04EC0-301F-11D3-BF4B-00C04F79EFBC}") = "MeusJogos.Infra.Data.EntityFramework", "Infra\Data\MeusJogos.Infra.Data.EntityFramework\MeusJogos.Infra.Data.EntityFramework.csproj", "{EE5B0392-F481-4276-873A-B32B5F382015}"
EndProject
Project("{2150E333-8FDC-42A3-9474-1A3956D46DE8}") = "AmigoContext", "AmigoContext", "{A5FA54C2-8C1A-4E9F-B044-DD14BC67BDD7}"
EndProject
Project("{FAE04EC0-301F-11D3-BF4B-00C04F79EFBC}") = "MeusJogos.Contexts.AmigoContext.Tests", "Contexts\AmigoContext\MeusJogos.Contexts.AmigoContext.Tests\MeusJogos.Contexts.AmigoContext.Tests.csproj", "{03B8FA81-6DEB-46D1-8731-2CD8DCE5BBBA}"
EndProject
Project("{2150E333-8FDC-42A3-9474-1A3956D46DE8}") = "EmprestimoContext", "EmprestimoContext", "{0BCDEA57-4AB5-490B-85A4-3C033B5846D5}"
EndProject
Project("{FAE04EC0-301F-11D3-BF4B-00C04F79EFBC}") = "MeusJogos.Contexts.EmprestimoContext.Tests", "Contexts\EmprestimoContext\MeusJogos.Contexts.EmprestimoContext.Tests\MeusJogos.Contexts.EmprestimoContext.Tests.csproj", "{EFCAD70E-782E-4527-80BB-F469E4B2B54C}"
EndProject
Project("{FAE04EC0-301F-11D3-BF4B-00C04F79EFBC}") = "MeusJogos.Contexts.AmigoContext.Application", "Contexts\AmigoContext\MeusJogos.Contexts.AmigoContext.Application\MeusJogos.Contexts.AmigoContext.Application.csproj", "{ADDC9073-D2F4-453F-A6BF-5D0C22373F85}"
EndProject
Project("{FAE04EC0-301F-11D3-BF4B-00C04F79EFBC}") = "MeusJogos.Contexts.AmigoContext.Domain", "Contexts\AmigoContext\MeusJogos.Contexts.AmigoContext.Domain\MeusJogos.Contexts.AmigoContext.Domain.csproj", "{BE32AE20-C164-47E5-9707-24D46246C384}"
EndProject
Project("{FAE04EC0-301F-11D3-BF4B-00C04F79EFBC}") = "MeusJogos.Contexts.EmprestimoContext.Application", "Contexts\EmprestimoContext\MeusJogos.Contexts.EmprestimoContext.Application\MeusJogos.Contexts.EmprestimoContext.Application.csproj", "{9DC16240-AECF-4D2D-BB34-B755A6A1EE49}"
EndProject
Project("{FAE04EC0-301F-11D3-BF4B-00C04F79EFBC}") = "MeusJogos.Contexts.EmprestimoContext.Domain", "Contexts\EmprestimoContext\MeusJogos.Contexts.EmprestimoContext.Domain\MeusJogos.Contexts.EmprestimoContext.Domain.csproj", "{0A9C6474-AC18-4F7B-A884-2539FED0FCA3}"
EndProject
Project("{2150E333-8FDC-42A3-9474-1A3956D46DE8}") = "CrossCutting", "CrossCutting", "{D87861EF-18DC-46A2-BEEE-0EB88FA0E5A0}"
EndProject
Project("{FAE04EC0-301F-11D3-BF4B-00C04F79EFBC}") = "Auth", "Infra\CrossCutting\Auth\Auth.csproj", "{290E650D-69BC-4314-909B-DFDF8908194B}"
EndProject
Global
	GlobalSection(SolutionConfigurationPlatforms) = preSolution
		Debug|Any CPU = Debug|Any CPU
		Debug|x64 = Debug|x64
		Debug|x86 = Debug|x86
		Release|Any CPU = Release|Any CPU
		Release|x64 = Release|x64
		Release|x86 = Release|x86
	EndGlobalSection
	GlobalSection(ProjectConfigurationPlatforms) = postSolution
		{B555DFBC-6E0F-4C6E-B8C3-F14B2ACE7CE8}.Debug|Any CPU.ActiveCfg = Debug|Any CPU
		{B555DFBC-6E0F-4C6E-B8C3-F14B2ACE7CE8}.Debug|Any CPU.Build.0 = Debug|Any CPU
		{B555DFBC-6E0F-4C6E-B8C3-F14B2ACE7CE8}.Debug|x64.ActiveCfg = Debug|Any CPU
		{B555DFBC-6E0F-4C6E-B8C3-F14B2ACE7CE8}.Debug|x64.Build.0 = Debug|Any CPU
		{B555DFBC-6E0F-4C6E-B8C3-F14B2ACE7CE8}.Debug|x86.ActiveCfg = Debug|Any CPU
		{B555DFBC-6E0F-4C6E-B8C3-F14B2ACE7CE8}.Debug|x86.Build.0 = Debug|Any CPU
		{B555DFBC-6E0F-4C6E-B8C3-F14B2ACE7CE8}.Release|Any CPU.ActiveCfg = Release|Any CPU
		{B555DFBC-6E0F-4C6E-B8C3-F14B2ACE7CE8}.Release|Any CPU.Build.0 = Release|Any CPU
		{B555DFBC-6E0F-4C6E-B8C3-F14B2ACE7CE8}.Release|x64.ActiveCfg = Release|Any CPU
		{B555DFBC-6E0F-4C6E-B8C3-F14B2ACE7CE8}.Release|x64.Build.0 = Release|Any CPU
		{B555DFBC-6E0F-4C6E-B8C3-F14B2ACE7CE8}.Release|x86.ActiveCfg = Release|Any CPU
		{B555DFBC-6E0F-4C6E-B8C3-F14B2ACE7CE8}.Release|x86.Build.0 = Release|Any CPU
		{4D021305-CEBA-4E44-BB2F-AAD7061B67BC}.Debug|Any CPU.ActiveCfg = Debug|Any CPU
		{4D021305-CEBA-4E44-BB2F-AAD7061B67BC}.Debug|Any CPU.Build.0 = Debug|Any CPU
		{4D021305-CEBA-4E44-BB2F-AAD7061B67BC}.Debug|x64.ActiveCfg = Debug|Any CPU
		{4D021305-CEBA-4E44-BB2F-AAD7061B67BC}.Debug|x64.Build.0 = Debug|Any CPU
		{4D021305-CEBA-4E44-BB2F-AAD7061B67BC}.Debug|x86.ActiveCfg = Debug|Any CPU
		{4D021305-CEBA-4E44-BB2F-AAD7061B67BC}.Debug|x86.Build.0 = Debug|Any CPU
		{4D021305-CEBA-4E44-BB2F-AAD7061B67BC}.Release|Any CPU.ActiveCfg = Release|Any CPU
		{4D021305-CEBA-4E44-BB2F-AAD7061B67BC}.Release|Any CPU.Build.0 = Release|Any CPU
		{4D021305-CEBA-4E44-BB2F-AAD7061B67BC}.Release|x64.ActiveCfg = Release|Any CPU
		{4D021305-CEBA-4E44-BB2F-AAD7061B67BC}.Release|x64.Build.0 = Release|Any CPU
		{4D021305-CEBA-4E44-BB2F-AAD7061B67BC}.Release|x86.ActiveCfg = Release|Any CPU
		{4D021305-CEBA-4E44-BB2F-AAD7061B67BC}.Release|x86.Build.0 = Release|Any CPU
		{83EDB04D-2F8C-46A7-A295-C208A0A6C046}.Debug|Any CPU.ActiveCfg = Debug|Any CPU
		{83EDB04D-2F8C-46A7-A295-C208A0A6C046}.Debug|Any CPU.Build.0 = Debug|Any CPU
		{83EDB04D-2F8C-46A7-A295-C208A0A6C046}.Debug|x64.ActiveCfg = Debug|Any CPU
		{83EDB04D-2F8C-46A7-A295-C208A0A6C046}.Debug|x64.Build.0 = Debug|Any CPU
		{83EDB04D-2F8C-46A7-A295-C208A0A6C046}.Debug|x86.ActiveCfg = Debug|Any CPU
		{83EDB04D-2F8C-46A7-A295-C208A0A6C046}.Debug|x86.Build.0 = Debug|Any CPU
		{83EDB04D-2F8C-46A7-A295-C208A0A6C046}.Release|Any CPU.ActiveCfg = Release|Any CPU
		{83EDB04D-2F8C-46A7-A295-C208A0A6C046}.Release|Any CPU.Build.0 = Release|Any CPU
		{83EDB04D-2F8C-46A7-A295-C208A0A6C046}.Release|x64.ActiveCfg = Release|Any CPU
		{83EDB04D-2F8C-46A7-A295-C208A0A6C046}.Release|x64.Build.0 = Release|Any CPU
		{83EDB04D-2F8C-46A7-A295-C208A0A6C046}.Release|x86.ActiveCfg = Release|Any CPU
		{83EDB04D-2F8C-46A7-A295-C208A0A6C046}.Release|x86.Build.0 = Release|Any CPU
		{420C8DF6-D86E-48A9-BB9A-C5FAA066507E}.Debug|Any CPU.ActiveCfg = Debug|Any CPU
		{420C8DF6-D86E-48A9-BB9A-C5FAA066507E}.Debug|Any CPU.Build.0 = Debug|Any CPU
		{420C8DF6-D86E-48A9-BB9A-C5FAA066507E}.Debug|x64.ActiveCfg = Debug|Any CPU
		{420C8DF6-D86E-48A9-BB9A-C5FAA066507E}.Debug|x64.Build.0 = Debug|Any CPU
		{420C8DF6-D86E-48A9-BB9A-C5FAA066507E}.Debug|x86.ActiveCfg = Debug|Any CPU
		{420C8DF6-D86E-48A9-BB9A-C5FAA066507E}.Debug|x86.Build.0 = Debug|Any CPU
		{420C8DF6-D86E-48A9-BB9A-C5FAA066507E}.Release|Any CPU.ActiveCfg = Release|Any CPU
		{420C8DF6-D86E-48A9-BB9A-C5FAA066507E}.Release|Any CPU.Build.0 = Release|Any CPU
		{420C8DF6-D86E-48A9-BB9A-C5FAA066507E}.Release|x64.ActiveCfg = Release|Any CPU
		{420C8DF6-D86E-48A9-BB9A-C5FAA066507E}.Release|x64.Build.0 = Release|Any CPU
		{420C8DF6-D86E-48A9-BB9A-C5FAA066507E}.Release|x86.ActiveCfg = Release|Any CPU
		{420C8DF6-D86E-48A9-BB9A-C5FAA066507E}.Release|x86.Build.0 = Release|Any CPU
		{9CA54A97-AD45-4F48-97A9-CC2F0497E4D2}.Debug|Any CPU.ActiveCfg = Debug|Any CPU
		{9CA54A97-AD45-4F48-97A9-CC2F0497E4D2}.Debug|Any CPU.Build.0 = Debug|Any CPU
		{9CA54A97-AD45-4F48-97A9-CC2F0497E4D2}.Debug|x64.ActiveCfg = Debug|Any CPU
		{9CA54A97-AD45-4F48-97A9-CC2F0497E4D2}.Debug|x64.Build.0 = Debug|Any CPU
		{9CA54A97-AD45-4F48-97A9-CC2F0497E4D2}.Debug|x86.ActiveCfg = Debug|Any CPU
		{9CA54A97-AD45-4F48-97A9-CC2F0497E4D2}.Debug|x86.Build.0 = Debug|Any CPU
		{9CA54A97-AD45-4F48-97A9-CC2F0497E4D2}.Release|Any CPU.ActiveCfg = Release|Any CPU
		{9CA54A97-AD45-4F48-97A9-CC2F0497E4D2}.Release|Any CPU.Build.0 = Release|Any CPU
		{9CA54A97-AD45-4F48-97A9-CC2F0497E4D2}.Release|x64.ActiveCfg = Release|Any CPU
		{9CA54A97-AD45-4F48-97A9-CC2F0497E4D2}.Release|x64.Build.0 = Release|Any CPU
		{9CA54A97-AD45-4F48-97A9-CC2F0497E4D2}.Release|x86.ActiveCfg = Release|Any CPU
		{9CA54A97-AD45-4F48-97A9-CC2F0497E4D2}.Release|x86.Build.0 = Release|Any CPU
		{EE5B0392-F481-4276-873A-B32B5F382015}.Debug|Any CPU.ActiveCfg = Debug|Any CPU
		{EE5B0392-F481-4276-873A-B32B5F382015}.Debug|Any CPU.Build.0 = Debug|Any CPU
		{EE5B0392-F481-4276-873A-B32B5F382015}.Debug|x64.ActiveCfg = Debug|Any CPU
		{EE5B0392-F481-4276-873A-B32B5F382015}.Debug|x64.Build.0 = Debug|Any CPU
		{EE5B0392-F481-4276-873A-B32B5F382015}.Debug|x86.ActiveCfg = Debug|Any CPU
		{EE5B0392-F481-4276-873A-B32B5F382015}.Debug|x86.Build.0 = Debug|Any CPU
		{EE5B0392-F481-4276-873A-B32B5F382015}.Release|Any CPU.ActiveCfg = Release|Any CPU
		{EE5B0392-F481-4276-873A-B32B5F382015}.Release|Any CPU.Build.0 = Release|Any CPU
		{EE5B0392-F481-4276-873A-B32B5F382015}.Release|x64.ActiveCfg = Release|Any CPU
		{EE5B0392-F481-4276-873A-B32B5F382015}.Release|x64.Build.0 = Release|Any CPU
		{EE5B0392-F481-4276-873A-B32B5F382015}.Release|x86.ActiveCfg = Release|Any CPU
		{EE5B0392-F481-4276-873A-B32B5F382015}.Release|x86.Build.0 = Release|Any CPU
		{03B8FA81-6DEB-46D1-8731-2CD8DCE5BBBA}.Debug|Any CPU.ActiveCfg = Debug|Any CPU
		{03B8FA81-6DEB-46D1-8731-2CD8DCE5BBBA}.Debug|Any CPU.Build.0 = Debug|Any CPU
		{03B8FA81-6DEB-46D1-8731-2CD8DCE5BBBA}.Debug|x64.ActiveCfg = Debug|Any CPU
		{03B8FA81-6DEB-46D1-8731-2CD8DCE5BBBA}.Debug|x64.Build.0 = Debug|Any CPU
		{03B8FA81-6DEB-46D1-8731-2CD8DCE5BBBA}.Debug|x86.ActiveCfg = Debug|Any CPU
		{03B8FA81-6DEB-46D1-8731-2CD8DCE5BBBA}.Debug|x86.Build.0 = Debug|Any CPU
		{03B8FA81-6DEB-46D1-8731-2CD8DCE5BBBA}.Release|Any CPU.ActiveCfg = Release|Any CPU
		{03B8FA81-6DEB-46D1-8731-2CD8DCE5BBBA}.Release|Any CPU.Build.0 = Release|Any CPU
		{03B8FA81-6DEB-46D1-8731-2CD8DCE5BBBA}.Release|x64.ActiveCfg = Release|Any CPU
		{03B8FA81-6DEB-46D1-8731-2CD8DCE5BBBA}.Release|x64.Build.0 = Release|Any CPU
		{03B8FA81-6DEB-46D1-8731-2CD8DCE5BBBA}.Release|x86.ActiveCfg = Release|Any CPU
		{03B8FA81-6DEB-46D1-8731-2CD8DCE5BBBA}.Release|x86.Build.0 = Release|Any CPU
		{EFCAD70E-782E-4527-80BB-F469E4B2B54C}.Debug|Any CPU.ActiveCfg = Debug|Any CPU
		{EFCAD70E-782E-4527-80BB-F469E4B2B54C}.Debug|Any CPU.Build.0 = Debug|Any CPU
		{EFCAD70E-782E-4527-80BB-F469E4B2B54C}.Debug|x64.ActiveCfg = Debug|Any CPU
		{EFCAD70E-782E-4527-80BB-F469E4B2B54C}.Debug|x64.Build.0 = Debug|Any CPU
		{EFCAD70E-782E-4527-80BB-F469E4B2B54C}.Debug|x86.ActiveCfg = Debug|Any CPU
		{EFCAD70E-782E-4527-80BB-F469E4B2B54C}.Debug|x86.Build.0 = Debug|Any CPU
		{EFCAD70E-782E-4527-80BB-F469E4B2B54C}.Release|Any CPU.ActiveCfg = Release|Any CPU
		{EFCAD70E-782E-4527-80BB-F469E4B2B54C}.Release|Any CPU.Build.0 = Release|Any CPU
		{EFCAD70E-782E-4527-80BB-F469E4B2B54C}.Release|x64.ActiveCfg = Release|Any CPU
		{EFCAD70E-782E-4527-80BB-F469E4B2B54C}.Release|x64.Build.0 = Release|Any CPU
		{EFCAD70E-782E-4527-80BB-F469E4B2B54C}.Release|x86.ActiveCfg = Release|Any CPU
		{EFCAD70E-782E-4527-80BB-F469E4B2B54C}.Release|x86.Build.0 = Release|Any CPU
		{ADDC9073-D2F4-453F-A6BF-5D0C22373F85}.Debug|Any CPU.ActiveCfg = Debug|Any CPU
		{ADDC9073-D2F4-453F-A6BF-5D0C22373F85}.Debug|Any CPU.Build.0 = Debug|Any CPU
		{ADDC9073-D2F4-453F-A6BF-5D0C22373F85}.Debug|x64.ActiveCfg = Debug|Any CPU
		{ADDC9073-D2F4-453F-A6BF-5D0C22373F85}.Debug|x64.Build.0 = Debug|Any CPU
		{ADDC9073-D2F4-453F-A6BF-5D0C22373F85}.Debug|x86.ActiveCfg = Debug|Any CPU
		{ADDC9073-D2F4-453F-A6BF-5D0C22373F85}.Debug|x86.Build.0 = Debug|Any CPU
		{ADDC9073-D2F4-453F-A6BF-5D0C22373F85}.Release|Any CPU.ActiveCfg = Release|Any CPU
		{ADDC9073-D2F4-453F-A6BF-5D0C22373F85}.Release|Any CPU.Build.0 = Release|Any CPU
		{ADDC9073-D2F4-453F-A6BF-5D0C22373F85}.Release|x64.ActiveCfg = Release|Any CPU
		{ADDC9073-D2F4-453F-A6BF-5D0C22373F85}.Release|x64.Build.0 = Release|Any CPU
		{ADDC9073-D2F4-453F-A6BF-5D0C22373F85}.Release|x86.ActiveCfg = Release|Any CPU
		{ADDC9073-D2F4-453F-A6BF-5D0C22373F85}.Release|x86.Build.0 = Release|Any CPU
		{BE32AE20-C164-47E5-9707-24D46246C384}.Debug|Any CPU.ActiveCfg = Debug|Any CPU
		{BE32AE20-C164-47E5-9707-24D46246C384}.Debug|Any CPU.Build.0 = Debug|Any CPU
		{BE32AE20-C164-47E5-9707-24D46246C384}.Debug|x64.ActiveCfg = Debug|Any CPU
		{BE32AE20-C164-47E5-9707-24D46246C384}.Debug|x64.Build.0 = Debug|Any CPU
		{BE32AE20-C164-47E5-9707-24D46246C384}.Debug|x86.ActiveCfg = Debug|Any CPU
		{BE32AE20-C164-47E5-9707-24D46246C384}.Debug|x86.Build.0 = Debug|Any CPU
		{BE32AE20-C164-47E5-9707-24D46246C384}.Release|Any CPU.ActiveCfg = Release|Any CPU
		{BE32AE20-C164-47E5-9707-24D46246C384}.Release|Any CPU.Build.0 = Release|Any CPU
		{BE32AE20-C164-47E5-9707-24D46246C384}.Release|x64.ActiveCfg = Release|Any CPU
		{BE32AE20-C164-47E5-9707-24D46246C384}.Release|x64.Build.0 = Release|Any CPU
		{BE32AE20-C164-47E5-9707-24D46246C384}.Release|x86.ActiveCfg = Release|Any CPU
		{BE32AE20-C164-47E5-9707-24D46246C384}.Release|x86.Build.0 = Release|Any CPU
		{9DC16240-AECF-4D2D-BB34-B755A6A1EE49}.Debug|Any CPU.ActiveCfg = Debug|Any CPU
		{9DC16240-AECF-4D2D-BB34-B755A6A1EE49}.Debug|Any CPU.Build.0 = Debug|Any CPU
		{9DC16240-AECF-4D2D-BB34-B755A6A1EE49}.Debug|x64.ActiveCfg = Debug|Any CPU
		{9DC16240-AECF-4D2D-BB34-B755A6A1EE49}.Debug|x64.Build.0 = Debug|Any CPU
		{9DC16240-AECF-4D2D-BB34-B755A6A1EE49}.Debug|x86.ActiveCfg = Debug|Any CPU
		{9DC16240-AECF-4D2D-BB34-B755A6A1EE49}.Debug|x86.Build.0 = Debug|Any CPU
		{9DC16240-AECF-4D2D-BB34-B755A6A1EE49}.Release|Any CPU.ActiveCfg = Release|Any CPU
		{9DC16240-AECF-4D2D-BB34-B755A6A1EE49}.Release|Any CPU.Build.0 = Release|Any CPU
		{9DC16240-AECF-4D2D-BB34-B755A6A1EE49}.Release|x64.ActiveCfg = Release|Any CPU
		{9DC16240-AECF-4D2D-BB34-B755A6A1EE49}.Release|x64.Build.0 = Release|Any CPU
		{9DC16240-AECF-4D2D-BB34-B755A6A1EE49}.Release|x86.ActiveCfg = Release|Any CPU
		{9DC16240-AECF-4D2D-BB34-B755A6A1EE49}.Release|x86.Build.0 = Release|Any CPU
		{0A9C6474-AC18-4F7B-A884-2539FED0FCA3}.Debug|Any CPU.ActiveCfg = Debug|Any CPU
		{0A9C6474-AC18-4F7B-A884-2539FED0FCA3}.Debug|Any CPU.Build.0 = Debug|Any CPU
		{0A9C6474-AC18-4F7B-A884-2539FED0FCA3}.Debug|x64.ActiveCfg = Debug|Any CPU
		{0A9C6474-AC18-4F7B-A884-2539FED0FCA3}.Debug|x64.Build.0 = Debug|Any CPU
		{0A9C6474-AC18-4F7B-A884-2539FED0FCA3}.Debug|x86.ActiveCfg = Debug|Any CPU
		{0A9C6474-AC18-4F7B-A884-2539FED0FCA3}.Debug|x86.Build.0 = Debug|Any CPU
		{0A9C6474-AC18-4F7B-A884-2539FED0FCA3}.Release|Any CPU.ActiveCfg = Release|Any CPU
		{0A9C6474-AC18-4F7B-A884-2539FED0FCA3}.Release|Any CPU.Build.0 = Release|Any CPU
		{0A9C6474-AC18-4F7B-A884-2539FED0FCA3}.Release|x64.ActiveCfg = Release|Any CPU
		{0A9C6474-AC18-4F7B-A884-2539FED0FCA3}.Release|x64.Build.0 = Release|Any CPU
		{0A9C6474-AC18-4F7B-A884-2539FED0FCA3}.Release|x86.ActiveCfg = Release|Any CPU
		{0A9C6474-AC18-4F7B-A884-2539FED0FCA3}.Release|x86.Build.0 = Release|Any CPU
		{290E650D-69BC-4314-909B-DFDF8908194B}.Debug|Any CPU.ActiveCfg = Debug|Any CPU
		{290E650D-69BC-4314-909B-DFDF8908194B}.Debug|Any CPU.Build.0 = Debug|Any CPU
		{290E650D-69BC-4314-909B-DFDF8908194B}.Debug|x64.ActiveCfg = Debug|Any CPU
		{290E650D-69BC-4314-909B-DFDF8908194B}.Debug|x64.Build.0 = Debug|Any CPU
		{290E650D-69BC-4314-909B-DFDF8908194B}.Debug|x86.ActiveCfg = Debug|Any CPU
		{290E650D-69BC-4314-909B-DFDF8908194B}.Debug|x86.Build.0 = Debug|Any CPU
		{290E650D-69BC-4314-909B-DFDF8908194B}.Release|Any CPU.ActiveCfg = Release|Any CPU
		{290E650D-69BC-4314-909B-DFDF8908194B}.Release|Any CPU.Build.0 = Release|Any CPU
		{290E650D-69BC-4314-909B-DFDF8908194B}.Release|x64.ActiveCfg = Release|Any CPU
		{290E650D-69BC-4314-909B-DFDF8908194B}.Release|x64.Build.0 = Release|Any CPU
		{290E650D-69BC-4314-909B-DFDF8908194B}.Release|x86.ActiveCfg = Release|Any CPU
		{290E650D-69BC-4314-909B-DFDF8908194B}.Release|x86.Build.0 = Release|Any CPU
	EndGlobalSection
	GlobalSection(SolutionProperties) = preSolution
		HideSolutionNode = FALSE
	EndGlobalSection
	GlobalSection(NestedProjects) = preSolution
		{58E51C3E-CA56-4803-B2A8-84F6708A7792} = {E9576677-1387-4CD8-8DFA-F186A54B4C5C}
		{4D021305-CEBA-4E44-BB2F-AAD7061B67BC} = {58E51C3E-CA56-4803-B2A8-84F6708A7792}
		{83EDB04D-2F8C-46A7-A295-C208A0A6C046} = {58E51C3E-CA56-4803-B2A8-84F6708A7792}
		{420C8DF6-D86E-48A9-BB9A-C5FAA066507E} = {58E51C3E-CA56-4803-B2A8-84F6708A7792}
		{9CA54A97-AD45-4F48-97A9-CC2F0497E4D2} = {E4B0A48B-5515-4621-97C6-832FA465BC63}
		{45421B5C-722E-4833-AD1D-AB0FA6652621} = {74A79FE6-159D-43DC-9079-2EB2A8E75BA9}
		{EE5B0392-F481-4276-873A-B32B5F382015} = {45421B5C-722E-4833-AD1D-AB0FA6652621}
		{A5FA54C2-8C1A-4E9F-B044-DD14BC67BDD7} = {E9576677-1387-4CD8-8DFA-F186A54B4C5C}
		{03B8FA81-6DEB-46D1-8731-2CD8DCE5BBBA} = {A5FA54C2-8C1A-4E9F-B044-DD14BC67BDD7}
		{0BCDEA57-4AB5-490B-85A4-3C033B5846D5} = {E9576677-1387-4CD8-8DFA-F186A54B4C5C}
		{EFCAD70E-782E-4527-80BB-F469E4B2B54C} = {0BCDEA57-4AB5-490B-85A4-3C033B5846D5}
		{ADDC9073-D2F4-453F-A6BF-5D0C22373F85} = {A5FA54C2-8C1A-4E9F-B044-DD14BC67BDD7}
		{BE32AE20-C164-47E5-9707-24D46246C384} = {A5FA54C2-8C1A-4E9F-B044-DD14BC67BDD7}
		{9DC16240-AECF-4D2D-BB34-B755A6A1EE49} = {0BCDEA57-4AB5-490B-85A4-3C033B5846D5}
		{0A9C6474-AC18-4F7B-A884-2539FED0FCA3} = {0BCDEA57-4AB5-490B-85A4-3C033B5846D5}
		{D87861EF-18DC-46A2-BEEE-0EB88FA0E5A0} = {74A79FE6-159D-43DC-9079-2EB2A8E75BA9}
		{290E650D-69BC-4314-909B-DFDF8908194B} = {D87861EF-18DC-46A2-BEEE-0EB88FA0E5A0}
	EndGlobalSection
	GlobalSection(ExtensibilityGlobals) = postSolution
		SolutionGuid = {D91A542A-ED40-48EF-8841-E7B5A1C1B8D6}
	EndGlobalSection
EndGlobal
